<?xml version="1.0" encoding="utf-8"?>
<Project ToolsVersion="4.0" xmlns="http://schemas.microsoft.com/developer/msbuild/2003">
  <ItemGroup>
    <Filter Include="impl">
      <UniqueIdentifier>{66bd09ff-e96a-4bd7-af02-b6c21ba37359}</UniqueIdentifier>
    </Filter>
    <Filter Include="hde">
      <UniqueIdentifier>{694bff41-6a61-4c44-b7b9-04f635fd2c0a}</UniqueIdentifier>
    </Filter>
    <Filter Include="minhook">
      <UniqueIdentifier>{77f28f49-aa40-4820-b1ff-0e8068edae8f}</UniqueIdentifier>
    </Filter>
    <Filter Include="minhook\hde">
      <UniqueIdentifier>{ae833bb6-4883-4aaa-8cd8-a2a144354707}</UniqueIdentifier>
    </Filter>
    <Filter Include="il2cpp">
      <UniqueIdentifier>{aa27a347-5e1c-4207-91de-d339b20f3f01}</UniqueIdentifier>
    </Filter>
  </ItemGroup>
  <ItemGroup>
    <ClCompile Include="dllmain.cpp" />
    <ClCompile Include="dumper.cpp">
      <Filter>impl</Filter>
    </ClCompile>
    <ClCompile Include="hde\hde64.cpp">
      <Filter>hde</Filter>
    </ClCompile>
    <ClCompile Include="util.cpp">
      <Filter>impl</Filter>
    </ClCompile>
    <ClCompile Include="minhook\hde\hde32.c">
      <Filter>minhook\hde</Filter>
    </ClCompile>
    <ClCompile Include="minhook\hde\hde64.c">
      <Filter>minhook\hde</Filter>
    </ClCompile>
    <ClCompile Include="minhook\trampoline.c">
      <Filter>minhook</Filter>
    </ClCompile>
    <ClCompile Include="minhook\buffer.c">
      <Filter>minhook</Filter>
    </ClCompile>
    <ClCompile Include="hook_lib.cpp">
      <Filter>impl</Filter>
    </ClCompile>
    <ClCompile Include="minhook\hook.c">
      <Filter>minhook</Filter>
    </ClCompile>
  </ItemGroup>
  <ItemGroup>
    <ClInclude Include="il2cpp_lib.hpp">
      <Filter>impl</Filter>
    </ClInclude>
    <ClInclude Include="dumper.hpp">
      <Filter>impl</Filter>
    </ClInclude>
    <ClInclude Include="hde\hde64.h">
      <Filter>hde</Filter>
    </ClInclude>
    <ClInclude Include="hde\table64.h">
      <Filter>hde</Filter>
    </ClInclude>
    <ClInclude Include="util.hpp">
      <Filter>impl</Filter>
    </ClInclude>
    <ClInclude Include="unity_lib.hpp">
      <Filter>impl</Filter>
    </ClInclude>
    <ClInclude Include="rust_lib.hpp">
      <Filter>impl</Filter>
    </ClInclude>
    <ClInclude Include="minhook\hde\hde32.h">
      <Filter>minhook\hde</Filter>
    </ClInclude>
    <ClInclude Include="minhook\hde\hde64.h">
      <Filter>minhook\hde</Filter>
    </ClInclude>
    <ClInclude Include="minhook\hde\table32.h">
      <Filter>minhook\hde</Filter>
    </ClInclude>
    <ClInclude Include="minhook\hde\table64.h">
      <Filter>minhook\hde</Filter>
    </ClInclude>
    <ClInclude Include="minhook\hde\pstdint.h">
      <Filter>minhook\hde</Filter>
    </ClInclude>
    <ClInclude Include="minhook\minhook.h">
      <Filter>minhook</Filter>
    </ClInclude>
    <ClInclude Include="minhook\trampoline.h">
      <Filter>minhook</Filter>
    </ClInclude>
    <ClInclude Include="minhook\buffer.h">
      <Filter>minhook</Filter>
    </ClInclude>
    <ClInclude Include="hook_lib.hpp">
      <Filter>impl</Filter>
    </ClInclude>
    <ClInclude Include="il2cpp\il2cpp-api.h">
      <Filter>il2cpp</Filter>
    </ClInclude>
    <ClInclude Include="il2cpp\il2cpp-api-functions.h">
      <Filter>il2cpp</Filter>
    </ClInclude>
    <ClInclude Include="il2cpp\il2cpp-api-types.h">
      <Filter>il2cpp</Filter>
    </ClInclude>
    <ClInclude Include="il2cpp\il2cpp-blob.h">
      <Filter>il2cpp</Filter>
    </ClInclude>
    <ClInclude Include="il2cpp\il2cpp-class-internals.h">
      <Filter>il2cpp</Filter>
    </ClInclude>
    <ClInclude Include="il2cpp\il2cpp-config.h">
      <Filter>il2cpp</Filter>
    </ClInclude>
    <ClInclude Include="il2cpp\il2cpp-config-api.h">
      <Filter>il2cpp</Filter>
    </ClInclude>
    <ClInclude Include="il2cpp\il2cpp-metadata.h">
      <Filter>il2cpp</Filter>
    </ClInclude>
    <ClInclude Include="il2cpp\il2cpp-normalization-tables.h">
      <Filter>il2cpp</Filter>
    </ClInclude>
    <ClInclude Include="il2cpp\il2cpp-number-formatter.h">
      <Filter>il2cpp</Filter>
    </ClInclude>
    <ClInclude Include="il2cpp\il2cpp-object-internals.h">
      <Filter>il2cpp</Filter>
    </ClInclude>
    <ClInclude Include="il2cpp\il2cpp-runtime-metadata.h">
      <Filter>il2cpp</Filter>
    </ClInclude>
    <ClInclude Include="il2cpp\il2cpp-string-types.h">
      <Filter>il2cpp</Filter>
    </ClInclude>
    <ClInclude Include="il2cpp\il2cpp-tabledefs.h">
      <Filter>il2cpp</Filter>
    </ClInclude>
    <ClInclude Include="il2cpp\il2cpp-vm-support.h">
      <Filter>il2cpp</Filter>
    </ClInclude>
  </ItemGroup>
</Project>